{
  "name": "fluffy-telegram",
  "version": "1.0.0",
  "lockfileVersion": 3,
  "requires": true,
  "packages": {
    "": {
      "name": "fluffy-telegram",
      "version": "1.0.0",
      "license": "ISC",
      "dependencies": {
        "literal-http-status": "^1.0.3"
      }
    },
    "node_modules/literal-http-status": {
      "version": "1.0.3",
      "resolved": "https://registry.npmjs.org/literal-http-status/-/literal-http-status-1.0.3.tgz",
      "integrity": "sha512-hqJLJRhFG/zYQ1bBgsA6nkf7i9nXNzVojdAkF7l0e42lpT29lBGChEHWVDCiIyoFGJyuo5sNoL7YwyXorvcSKw=="
    }
  }
}
